
Microsoft Visual Studio Solution File, Format Version 12.00
# Visual Studio Version 17
VisualStudioVersion = 17.13.35825.156
MinimumVisualStudioVersion = 10.0.40219.1
Project("{FAE04EC0-301F-11D3-BF4B-00C04F79EFBC}") = "LyfegenContracts.Api", "LyfegenContracts.Api\LyfegenContracts.Api.csproj", "{3E22951B-74E6-41B2-BC41-D9A3FEA3C6E8}"
EndProject
Project("{FAE04EC0-301F-11D3-BF4B-00C04F79EFBC}") = "LyfegenContracts.Application", "LyfegenContracts.Application\LyfegenContracts.Application.csproj", "{AE8A3467-E54B-4CC1-B186-AFBDE364A716}"
EndProject
Project("{FAE04EC0-301F-11D3-BF4B-00C04F79EFBC}") = "LyfegenContracts.Domain", "LyfegenContracts.Domain\LyfegenContracts.Domain.csproj", "{813B11BD-82AD-4D0E-8F9C-C17BF6766CF1}"
EndProject
Project("{FAE04EC0-301F-11D3-BF4B-00C04F79EFBC}") = "LyfegenContracts.Infrastructure", "LyfegenContracts.Infrastructure\LyfegenContracts.Infrastructure.csproj", "{701B0100-7616-4107-9D75-6D751636D8DC}"
EndProject
Project("{FAE04EC0-301F-11D3-BF4B-00C04F79EFBC}") = "LyfegenContracts.Application.UnitTests", "LyfegenContracts.Application.UnitTests\LyfegenContracts.Application.UnitTests.csproj", "{FCCA0A7D-3D4A-4EAA-A8C7-A2DD62E0DEBF}"
EndProject
Global
	GlobalSection(SolutionConfigurationPlatforms) = preSolution
		Debug|Any CPU = Debug|Any CPU
		Release|Any CPU = Release|Any CPU
	EndGlobalSection
	GlobalSection(ProjectConfigurationPlatforms) = postSolution
		{3E22951B-74E6-41B2-BC41-D9A3FEA3C6E8}.Debug|Any CPU.ActiveCfg = Debug|Any CPU
		{3E22951B-74E6-41B2-BC41-D9A3FEA3C6E8}.Debug|Any CPU.Build.0 = Debug|Any CPU
		{3E22951B-74E6-41B2-BC41-D9A3FEA3C6E8}.Release|Any CPU.ActiveCfg = Release|Any CPU
		{3E22951B-74E6-41B2-BC41-D9A3FEA3C6E8}.Release|Any CPU.Build.0 = Release|Any CPU
		{AE8A3467-E54B-4CC1-B186-AFBDE364A716}.Debug|Any CPU.ActiveCfg = Debug|Any CPU
		{AE8A3467-E54B-4CC1-B186-AFBDE364A716}.Debug|Any CPU.Build.0 = Debug|Any CPU
		{AE8A3467-E54B-4CC1-B186-AFBDE364A716}.Release|Any CPU.ActiveCfg = Release|Any CPU
		{AE8A3467-E54B-4CC1-B186-AFBDE364A716}.Release|Any CPU.Build.0 = Release|Any CPU
		{813B11BD-82AD-4D0E-8F9C-C17BF6766CF1}.Debug|Any CPU.ActiveCfg = Debug|Any CPU
		{813B11BD-82AD-4D0E-8F9C-C17BF6766CF1}.Debug|Any CPU.Build.0 = Debug|Any CPU
		{813B11BD-82AD-4D0E-8F9C-C17BF6766CF1}.Release|Any CPU.ActiveCfg = Release|Any CPU
		{813B11BD-82AD-4D0E-8F9C-C17BF6766CF1}.Release|Any CPU.Build.0 = Release|Any CPU
		{701B0100-7616-4107-9D75-6D751636D8DC}.Debug|Any CPU.ActiveCfg = Debug|Any CPU
		{701B0100-7616-4107-9D75-6D751636D8DC}.Debug|Any CPU.Build.0 = Debug|Any CPU
		{701B0100-7616-4107-9D75-6D751636D8DC}.Release|Any CPU.ActiveCfg = Release|Any CPU
		{701B0100-7616-4107-9D75-6D751636D8DC}.Release|Any CPU.Build.0 = Release|Any CPU
		{FCCA0A7D-3D4A-4EAA-A8C7-A2DD62E0DEBF}.Debug|Any CPU.ActiveCfg = Debug|Any CPU
		{FCCA0A7D-3D4A-4EAA-A8C7-A2DD62E0DEBF}.Debug|Any CPU.Build.0 = Debug|Any CPU
		{FCCA0A7D-3D4A-4EAA-A8C7-A2DD62E0DEBF}.Release|Any CPU.ActiveCfg = Release|Any CPU
		{FCCA0A7D-3D4A-4EAA-A8C7-A2DD62E0DEBF}.Release|Any CPU.Build.0 = Release|Any CPU
	EndGlobalSection
	GlobalSection(SolutionProperties) = preSolution
		HideSolutionNode = FALSE
	EndGlobalSection
	GlobalSection(ExtensibilityGlobals) = postSolution
		SolutionGuid = {80F1BEA6-C457-41C5-8684-BBE8044A90C4}
	EndGlobalSection
EndGlobal
